{
   "name": "chehov",
   "version": "1.0.0",
   "lockfileVersion": 2,
   "requires": true,
   "packages": {
      "": {
         "name": "chehov",
         "version": "1.0.0",
         "license": "ISC",
         "dependencies": {
            "ncp": "^2.0.0",
            "uglify-js": "^3.17.4"
         }
      },
      "node_modules/ncp": {
         "version": "2.0.0",
         "resolved": "https://registry.npmjs.org/ncp/-/ncp-2.0.0.tgz",
         "integrity": "sha512-zIdGUrPRFTUELUvr3Gmc7KZ2Sw/h1PiVM0Af/oHB6zgnV1ikqSfRk+TOufi79aHYCW3NiOXmr1BP5nWbzojLaA==",
         "bin": {
            "ncp": "bin/ncp"
         }
      },
      "node_modules/uglify-js": {
         "version": "3.17.4",
         "resolved": "https://registry.npmjs.org/uglify-js/-/uglify-js-3.17.4.tgz",
         "integrity": "sha512-T9q82TJI9e/C1TAxYvfb16xO120tMVFZrGA3f9/P4424DNu6ypK103y0GPFVa17yotwSyZW5iYXgjYHkGrJW/g==",
         "bin": {
            "uglifyjs": "bin/uglifyjs"
         },
         "engines": {
            "node": ">=0.8.0"
         }
      }
   },
   "dependencies": {
      "ncp": {
         "version": "2.0.0",
         "resolved": "https://registry.npmjs.org/ncp/-/ncp-2.0.0.tgz",
         "integrity": "sha512-zIdGUrPRFTUELUvr3Gmc7KZ2Sw/h1PiVM0Af/oHB6zgnV1ikqSfRk+TOufi79aHYCW3NiOXmr1BP5nWbzojLaA=="
      },
      "uglify-js": {
         "version": "3.17.4",
         "resolved": "https://registry.npmjs.org/uglify-js/-/uglify-js-3.17.4.tgz",
         "integrity": "sha512-T9q82TJI9e/C1TAxYvfb16xO120tMVFZrGA3f9/P4424DNu6ypK103y0GPFVa17yotwSyZW5iYXgjYHkGrJW/g=="
      }
   }
}
